
Microsoft Visual Studio Solution File, Format Version 12.00
# Visual Studio 15
VisualStudioVersion = 15.0.28010.2016
MinimumVisualStudioVersion = 10.0.40219.1
Project("{151D2E53-A2C4-4D7D-83FE-D05416EBD58E}") = "Common", "Common\Common.deployproj", "{57201D9F-2382-44EE-8804-F7B847EE82D2}"
EndProject
Global
	GlobalSection(SolutionConfigurationPlatforms) = preSolution
		Debug|Any CPU = Debug|Any CPU
		Release|Any CPU = Release|Any CPU
	EndGlobalSection
	GlobalSection(ProjectConfigurationPlatforms) = postSolution
		{57201D9F-2382-44EE-8804-F7B847EE82D2}.Debug|Any CPU.ActiveCfg = Debug|Any CPU
		{57201D9F-2382-44EE-8804-F7B847EE82D2}.Debug|Any CPU.Build.0 = Debug|Any CPU
		{57201D9F-2382-44EE-8804-F7B847EE82D2}.Release|Any CPU.ActiveCfg = Release|Any CPU
		{57201D9F-2382-44EE-8804-F7B847EE82D2}.Release|Any CPU.Build.0 = Release|Any CPU
	EndGlobalSection
	GlobalSection(SolutionProperties) = preSolution
		HideSolutionNode = FALSE
	EndGlobalSection
	GlobalSection(ExtensibilityGlobals) = postSolution
		SolutionGuid = {F02DB016-11EE-44CE-9AC2-BABAFABAB843}
	EndGlobalSection
EndGlobal
